
Microsoft Visual Studio Solution File, Format Version 12.00
# Visual Studio Version 16
VisualStudioVersion = 16.0.31702.278
MinimumVisualStudioVersion = 10.0.40219.1
Project("{FAE04EC0-301F-11D3-BF4B-00C04F79EFBC}") = "MarvelDotNet", "MarvelDotNet\MarvelDotNet.csproj", "{F35869FE-B862-4942-B8DD-5EBEFF290E80}"
EndProject
Global
	GlobalSection(SolutionConfigurationPlatforms) = preSolution
		Debug|Any CPU = Debug|Any CPU
		Release|Any CPU = Release|Any CPU
	EndGlobalSection
	GlobalSection(ProjectConfigurationPlatforms) = postSolution
		{F35869FE-B862-4942-B8DD-5EBEFF290E80}.Debug|Any CPU.ActiveCfg = Debug|Any CPU
		{F35869FE-B862-4942-B8DD-5EBEFF290E80}.Debug|Any CPU.Build.0 = Debug|Any CPU
		{F35869FE-B862-4942-B8DD-5EBEFF290E80}.Release|Any CPU.ActiveCfg = Release|Any CPU
		{F35869FE-B862-4942-B8DD-5EBEFF290E80}.Release|Any CPU.Build.0 = Release|Any CPU
	EndGlobalSection
	GlobalSection(SolutionProperties) = preSolution
		HideSolutionNode = FALSE
	EndGlobalSection
	GlobalSection(ExtensibilityGlobals) = postSolution
		SolutionGuid = {FEA05F67-2FFE-4B12-B1C3-1F88EADD391B}
	EndGlobalSection
EndGlobal
